
Microsoft Visual Studio Solution File, Format Version 11.00
# Visual Studio 2010
Project("{FAE04EC0-301F-11D3-BF4B-00C04F79EFBC}") = "RouteDesigner", "RouteDesigner\RouteDesigner.csproj", "{A63DE1CD-3A6B-437E-8CDA-513B6A52E057}"
EndProject
Project("{FAE04EC0-301F-11D3-BF4B-00C04F79EFBC}") = "RouteRecognition.UI.Controls", "Routerecognition.UI.Controls\RouteRecognition.UI.Controls.csproj", "{E12C8370-F22E-488F-B90C-24BDCC8E74FC}"
EndProject
Project("{FAE04EC0-301F-11D3-BF4B-00C04F79EFBC}") = "RouteRecognition.Data", "RouteRecognition.Data\RouteRecognition.Data.csproj", "{66D805F5-79CD-4AA7-8433-7C1754CB6BA7}"
EndProject
Project("{FAE04EC0-301F-11D3-BF4B-00C04F79EFBC}") = "Vision.Features", "Vision.Features\Vision.Features.csproj", "{732D0FED-4B64-4D08-9567-02C9AE49BE0A}"
EndProject
Project("{FAE04EC0-301F-11D3-BF4B-00C04F79EFBC}") = "RouteRecognition.Data.Measuring", "RouteRecognition.Data.Measuring\RouteRecognition.Data.Measuring.csproj", "{E9288603-A49B-4D20-84B8-D4929611CD2A}"
EndProject
Global
	GlobalSection(SolutionConfigurationPlatforms) = preSolution
		Debug|Any CPU = Debug|Any CPU
		Debug|Mixed Platforms = Debug|Mixed Platforms
		Debug|x86 = Debug|x86
		Release|Any CPU = Release|Any CPU
		Release|Mixed Platforms = Release|Mixed Platforms
		Release|x86 = Release|x86
	EndGlobalSection
	GlobalSection(ProjectConfigurationPlatforms) = postSolution
		{A63DE1CD-3A6B-437E-8CDA-513B6A52E057}.Debug|Any CPU.ActiveCfg = Debug|x86
		{A63DE1CD-3A6B-437E-8CDA-513B6A52E057}.Debug|Mixed Platforms.ActiveCfg = Debug|x86
		{A63DE1CD-3A6B-437E-8CDA-513B6A52E057}.Debug|Mixed Platforms.Build.0 = Debug|x86
		{A63DE1CD-3A6B-437E-8CDA-513B6A52E057}.Debug|x86.ActiveCfg = Debug|x86
		{A63DE1CD-3A6B-437E-8CDA-513B6A52E057}.Debug|x86.Build.0 = Debug|x86
		{A63DE1CD-3A6B-437E-8CDA-513B6A52E057}.Release|Any CPU.ActiveCfg = Release|x86
		{A63DE1CD-3A6B-437E-8CDA-513B6A52E057}.Release|Mixed Platforms.ActiveCfg = Release|x86
		{A63DE1CD-3A6B-437E-8CDA-513B6A52E057}.Release|Mixed Platforms.Build.0 = Release|x86
		{A63DE1CD-3A6B-437E-8CDA-513B6A52E057}.Release|x86.ActiveCfg = Release|x86
		{A63DE1CD-3A6B-437E-8CDA-513B6A52E057}.Release|x86.Build.0 = Release|x86
		{E12C8370-F22E-488F-B90C-24BDCC8E74FC}.Debug|Any CPU.ActiveCfg = Debug|Any CPU
		{E12C8370-F22E-488F-B90C-24BDCC8E74FC}.Debug|Any CPU.Build.0 = Debug|Any CPU
		{E12C8370-F22E-488F-B90C-24BDCC8E74FC}.Debug|Mixed Platforms.ActiveCfg = Debug|Any CPU
		{E12C8370-F22E-488F-B90C-24BDCC8E74FC}.Debug|Mixed Platforms.Build.0 = Debug|Any CPU
		{E12C8370-F22E-488F-B90C-24BDCC8E74FC}.Debug|x86.ActiveCfg = Debug|Any CPU
		{E12C8370-F22E-488F-B90C-24BDCC8E74FC}.Release|Any CPU.ActiveCfg = Release|Any CPU
		{E12C8370-F22E-488F-B90C-24BDCC8E74FC}.Release|Any CPU.Build.0 = Release|Any CPU
		{E12C8370-F22E-488F-B90C-24BDCC8E74FC}.Release|Mixed Platforms.ActiveCfg = Release|Any CPU
		{E12C8370-F22E-488F-B90C-24BDCC8E74FC}.Release|Mixed Platforms.Build.0 = Release|Any CPU
		{E12C8370-F22E-488F-B90C-24BDCC8E74FC}.Release|x86.ActiveCfg = Release|Any CPU
		{66D805F5-79CD-4AA7-8433-7C1754CB6BA7}.Debug|Any CPU.ActiveCfg = Debug|Any CPU
		{66D805F5-79CD-4AA7-8433-7C1754CB6BA7}.Debug|Any CPU.Build.0 = Debug|Any CPU
		{66D805F5-79CD-4AA7-8433-7C1754CB6BA7}.Debug|Mixed Platforms.ActiveCfg = Debug|Any CPU
		{66D805F5-79CD-4AA7-8433-7C1754CB6BA7}.Debug|Mixed Platforms.Build.0 = Debug|Any CPU
		{66D805F5-79CD-4AA7-8433-7C1754CB6BA7}.Debug|x86.ActiveCfg = Debug|Any CPU
		{66D805F5-79CD-4AA7-8433-7C1754CB6BA7}.Release|Any CPU.ActiveCfg = Release|Any CPU
		{66D805F5-79CD-4AA7-8433-7C1754CB6BA7}.Release|Any CPU.Build.0 = Release|Any CPU
		{66D805F5-79CD-4AA7-8433-7C1754CB6BA7}.Release|Mixed Platforms.ActiveCfg = Release|Any CPU
		{66D805F5-79CD-4AA7-8433-7C1754CB6BA7}.Release|Mixed Platforms.Build.0 = Release|Any CPU
		{66D805F5-79CD-4AA7-8433-7C1754CB6BA7}.Release|x86.ActiveCfg = Release|Any CPU
		{732D0FED-4B64-4D08-9567-02C9AE49BE0A}.Debug|Any CPU.ActiveCfg = Debug|x86
		{732D0FED-4B64-4D08-9567-02C9AE49BE0A}.Debug|Mixed Platforms.ActiveCfg = Debug|x86
		{732D0FED-4B64-4D08-9567-02C9AE49BE0A}.Debug|Mixed Platforms.Build.0 = Debug|x86
		{732D0FED-4B64-4D08-9567-02C9AE49BE0A}.Debug|x86.ActiveCfg = Debug|x86
		{732D0FED-4B64-4D08-9567-02C9AE49BE0A}.Debug|x86.Build.0 = Debug|x86
		{732D0FED-4B64-4D08-9567-02C9AE49BE0A}.Release|Any CPU.ActiveCfg = Release|x86
		{732D0FED-4B64-4D08-9567-02C9AE49BE0A}.Release|Mixed Platforms.ActiveCfg = Release|x86
		{732D0FED-4B64-4D08-9567-02C9AE49BE0A}.Release|Mixed Platforms.Build.0 = Release|x86
		{732D0FED-4B64-4D08-9567-02C9AE49BE0A}.Release|x86.ActiveCfg = Release|x86
		{732D0FED-4B64-4D08-9567-02C9AE49BE0A}.Release|x86.Build.0 = Release|x86
		{E9288603-A49B-4D20-84B8-D4929611CD2A}.Debug|Any CPU.ActiveCfg = Debug|Any CPU
		{E9288603-A49B-4D20-84B8-D4929611CD2A}.Debug|Any CPU.Build.0 = Debug|Any CPU
		{E9288603-A49B-4D20-84B8-D4929611CD2A}.Debug|Mixed Platforms.ActiveCfg = Debug|Any CPU
		{E9288603-A49B-4D20-84B8-D4929611CD2A}.Debug|Mixed Platforms.Build.0 = Debug|Any CPU
		{E9288603-A49B-4D20-84B8-D4929611CD2A}.Debug|x86.ActiveCfg = Debug|Any CPU
		{E9288603-A49B-4D20-84B8-D4929611CD2A}.Release|Any CPU.ActiveCfg = Release|Any CPU
		{E9288603-A49B-4D20-84B8-D4929611CD2A}.Release|Any CPU.Build.0 = Release|Any CPU
		{E9288603-A49B-4D20-84B8-D4929611CD2A}.Release|Mixed Platforms.ActiveCfg = Release|Any CPU
		{E9288603-A49B-4D20-84B8-D4929611CD2A}.Release|Mixed Platforms.Build.0 = Release|Any CPU
		{E9288603-A49B-4D20-84B8-D4929611CD2A}.Release|x86.ActiveCfg = Release|Any CPU
	EndGlobalSection
	GlobalSection(SolutionProperties) = preSolution
		HideSolutionNode = FALSE
	EndGlobalSection
EndGlobal
